Microsoft Visual Studio Solution File, Format Version 12.00
# Visual Studio Version 16
VisualStudioVersion = 16.0.31019.35
MinimumVisualStudioVersion = 10.0.40219.1
Project("{FAE04EC0-301F-11D3-BF4B-00C04F79EFBC}") = "TalkiPlay.Android", "TalkiPlay.Android\TalkiPlay.Android.csproj", "{A4E9B4C2-F5AF-4DE1-BFB8-8A760C67BAFD}"
EndProject
Project("{FAE04EC0-301F-11D3-BF4B-00C04F79EFBC}") = "TalkiPlay.iOS", "TalkiPlay.iOS\TalkiPlay.iOS.csproj", "{E38DDD9B-98F9-4325-866D-908FA18EA416}"
EndProject
Project("{D954291E-2A0B-460D-934E-DC6B0785DB48}") = "TalkiPlay", "TalkiPlay\TalkiPlay.shproj", "{BAE89D57-39FF-4EF1-9DF9-D5F4D39A9A1E}"
EndProject
Global
	GlobalSection(SharedMSBuildProjectFiles) = preSolution
		TalkiPlay\TalkiPlay.projitems*{a4e9b4c2-f5af-4de1-bfb8-8a760c67bafd}*SharedItemsImports = 4
		TalkiPlay\TalkiPlay.projitems*{bae89d57-39ff-4ef1-9df9-d5f4d39a9a1e}*SharedItemsImports = 13
		TalkiPlay\TalkiPlay.projitems*{e38ddd9b-98f9-4325-866d-908fa18ea416}*SharedItemsImports = 4
	EndGlobalSection
	GlobalSection(SolutionConfigurationPlatforms) = preSolution
		AppStore|Any CPU = AppStore|Any CPU
		AppStore|iPhone = AppStore|iPhone
		AppStore|iPhoneSimulator = AppStore|iPhoneSimulator
		Debug|Any CPU = Debug|Any CPU
		Debug|iPhone = Debug|iPhone
		Debug|iPhoneSimulator = Debug|iPhoneSimulator
		Debug-Device|Any CPU = Debug-Device|Any CPU
		Debug-Device|iPhone = Debug-Device|iPhone
		Debug-Device|iPhoneSimulator = Debug-Device|iPhoneSimulator
		PlayStore|Any CPU = PlayStore|Any CPU
		PlayStore|iPhone = PlayStore|iPhone
		PlayStore|iPhoneSimulator = PlayStore|iPhoneSimulator
		Prod-AdHoc|Any CPU = Prod-AdHoc|Any CPU
		Prod-AdHoc|iPhone = Prod-AdHoc|iPhone
		Prod-AdHoc|iPhoneSimulator = Prod-AdHoc|iPhoneSimulator
		Prod-Debug|Any CPU = Prod-Debug|Any CPU
		Prod-Debug|iPhone = Prod-Debug|iPhone
		Prod-Debug|iPhoneSimulator = Prod-Debug|iPhoneSimulator
		Release|Any CPU = Release|Any CPU
		Release|iPhone = Release|iPhone
		Release|iPhoneSimulator = Release|iPhoneSimulator
		Staging|Any CPU = Staging|Any CPU
		Staging|iPhone = Staging|iPhone
		Staging|iPhoneSimulator = Staging|iPhoneSimulator
	EndGlobalSection
	GlobalSection(ProjectConfigurationPlatforms) = postSolution
		{A4E9B4C2-F5AF-4DE1-BFB8-8A760C67BAFD}.AppStore|Any CPU.ActiveCfg = AppStore|Any CPU
		{A4E9B4C2-F5AF-4DE1-BFB8-8A760C67BAFD}.AppStore|Any CPU.Build.0 = AppStore|Any CPU
		{A4E9B4C2-F5AF-4DE1-BFB8-8A760C67BAFD}.AppStore|iPhone.ActiveCfg = AppStore|Any CPU
		{A4E9B4C2-F5AF-4DE1-BFB8-8A760C67BAFD}.AppStore|iPhoneSimulator.ActiveCfg = AppStore|Any CPU
		{A4E9B4C2-F5AF-4DE1-BFB8-8A760C67BAFD}.AppStore|iPhoneSimulator.Build.0 = AppStore|Any CPU
		{A4E9B4C2-F5AF-4DE1-BFB8-8A760C67BAFD}.AppStore|iPhoneSimulator.Deploy.0 = AppStore|Any CPU
		{A4E9B4C2-F5AF-4DE1-BFB8-8A760C67BAFD}.Debug|Any CPU.ActiveCfg = Debug|Any CPU
		{A4E9B4C2-F5AF-4DE1-BFB8-8A760C67BAFD}.Debug|Any CPU.Build.0 = Debug|Any CPU
		{A4E9B4C2-F5AF-4DE1-BFB8-8A760C67BAFD}.Debug|Any CPU.Deploy.0 = Debug|Any CPU
		{A4E9B4C2-F5AF-4DE1-BFB8-8A760C67BAFD}.Debug|iPhone.ActiveCfg = Debug|Any CPU
		{A4E9B4C2-F5AF-4DE1-BFB8-8A760C67BAFD}.Debug|iPhoneSimulator.ActiveCfg = Debug|Any CPU
		{A4E9B4C2-F5AF-4DE1-BFB8-8A760C67BAFD}.Debug-Device|Any CPU.ActiveCfg = Debug-Device|Any CPU
		{A4E9B4C2-F5AF-4DE1-BFB8-8A760C67BAFD}.Debug-Device|Any CPU.Build.0 = Debug-Device|Any CPU
		{A4E9B4C2-F5AF-4DE1-BFB8-8A760C67BAFD}.Debug-Device|iPhone.ActiveCfg = Debug-Device|Any CPU
		{A4E9B4C2-F5AF-4DE1-BFB8-8A760C67BAFD}.Debug-Device|iPhone.Build.0 = Debug-Device|Any CPU
		{A4E9B4C2-F5AF-4DE1-BFB8-8A760C67BAFD}.Debug-Device|iPhone.Deploy.0 = Debug-Device|Any CPU
		{A4E9B4C2-F5AF-4DE1-BFB8-8A760C67BAFD}.Debug-Device|iPhoneSimulator.ActiveCfg = Debug-Device|Any CPU
		{A4E9B4C2-F5AF-4DE1-BFB8-8A760C67BAFD}.Debug-Device|iPhoneSimulator.Build.0 = Debug-Device|Any CPU
		{A4E9B4C2-F5AF-4DE1-BFB8-8A760C67BAFD}.Debug-Device|iPhoneSimulator.Deploy.0 = Debug-Device|Any CPU
		{A4E9B4C2-F5AF-4DE1-BFB8-8A760C67BAFD}.PlayStore|Any CPU.ActiveCfg = Prod-AdHoc|Any CPU
		{A4E9B4C2-F5AF-4DE1-BFB8-8A760C67BAFD}.PlayStore|Any CPU.Build.0 = Prod-AdHoc|Any CPU
		{A4E9B4C2-F5AF-4DE1-BFB8-8A760C67BAFD}.PlayStore|Any CPU.Deploy.0 = Prod-AdHoc|Any CPU
		{A4E9B4C2-F5AF-4DE1-BFB8-8A760C67BAFD}.PlayStore|iPhone.ActiveCfg = Prod-AdHoc|Any CPU
		{A4E9B4C2-F5AF-4DE1-BFB8-8A760C67BAFD}.PlayStore|iPhone.Build.0 = Prod-AdHoc|Any CPU
		{A4E9B4C2-F5AF-4DE1-BFB8-8A760C67BAFD}.PlayStore|iPhone.Deploy.0 = Prod-AdHoc|Any CPU
		{A4E9B4C2-F5AF-4DE1-BFB8-8A760C67BAFD}.PlayStore|iPhoneSimulator.ActiveCfg = Prod-AdHoc|Any CPU
		{A4E9B4C2-F5AF-4DE1-BFB8-8A760C67BAFD}.PlayStore|iPhoneSimulator.Build.0 = Prod-AdHoc|Any CPU
		{A4E9B4C2-F5AF-4DE1-BFB8-8A760C67BAFD}.PlayStore|iPhoneSimulator.Deploy.0 = Prod-AdHoc|Any CPU
		{A4E9B4C2-F5AF-4DE1-BFB8-8A760C67BAFD}.Prod-AdHoc|Any CPU.ActiveCfg = Prod-AdHoc|Any CPU
		{A4E9B4C2-F5AF-4DE1-BFB8-8A760C67BAFD}.Prod-AdHoc|Any CPU.Build.0 = Prod-AdHoc|Any CPU
		{A4E9B4C2-F5AF-4DE1-BFB8-8A760C67BAFD}.Prod-AdHoc|iPhone.ActiveCfg = Release|Any CPU
		{A4E9B4C2-F5AF-4DE1-BFB8-8A760C67BAFD}.Prod-AdHoc|iPhoneSimulator.ActiveCfg = Release|Any CPU
		{A4E9B4C2-F5AF-4DE1-BFB8-8A760C67BAFD}.Prod-Debug|Any CPU.ActiveCfg = Prod-AdHoc|Any CPU
		{A4E9B4C2-F5AF-4DE1-BFB8-8A760C67BAFD}.Prod-Debug|Any CPU.Build.0 = Prod-AdHoc|Any CPU
		{A4E9B4C2-F5AF-4DE1-BFB8-8A760C67BAFD}.Prod-Debug|Any CPU.Deploy.0 = Prod-AdHoc|Any CPU
		{A4E9B4C2-F5AF-4DE1-BFB8-8A760C67BAFD}.Prod-Debug|iPhone.ActiveCfg = Debug|Any CPU
		{A4E9B4C2-F5AF-4DE1-BFB8-8A760C67BAFD}.Prod-Debug|iPhoneSimulator.ActiveCfg = Prod-AdHoc|Any CPU
		{A4E9B4C2-F5AF-4DE1-BFB8-8A760C67BAFD}.Prod-Debug|iPhoneSimulator.Build.0 = Prod-AdHoc|Any CPU
		{A4E9B4C2-F5AF-4DE1-BFB8-8A760C67BAFD}.Prod-Debug|iPhoneSimulator.Deploy.0 = Prod-AdHoc|Any CPU
		{A4E9B4C2-F5AF-4DE1-BFB8-8A760C67BAFD}.Release|Any CPU.ActiveCfg = Release|Any CPU
		{A4E9B4C2-F5AF-4DE1-BFB8-8A760C67BAFD}.Release|Any CPU.Build.0 = Release|Any CPU
		{A4E9B4C2-F5AF-4DE1-BFB8-8A760C67BAFD}.Release|Any CPU.Deploy.0 = Release|Any CPU
		{A4E9B4C2-F5AF-4DE1-BFB8-8A760C67BAFD}.Release|iPhone.ActiveCfg = Release|Any CPU
		{A4E9B4C2-F5AF-4DE1-BFB8-8A760C67BAFD}.Release|iPhone.Build.0 = Release|Any CPU
		{A4E9B4C2-F5AF-4DE1-BFB8-8A760C67BAFD}.Release|iPhone.Deploy.0 = Release|Any CPU
		{A4E9B4C2-F5AF-4DE1-BFB8-8A760C67BAFD}.Release|iPhoneSimulator.ActiveCfg = Release|Any CPU
		{A4E9B4C2-F5AF-4DE1-BFB8-8A760C67BAFD}.Release|iPhoneSimulator.Build.0 = Release|Any CPU
		{A4E9B4C2-F5AF-4DE1-BFB8-8A760C67BAFD}.Release|iPhoneSimulator.Deploy.0 = Release|Any CPU
		{A4E9B4C2-F5AF-4DE1-BFB8-8A760C67BAFD}.Staging|Any CPU.ActiveCfg = Staging|Any CPU
		{A4E9B4C2-F5AF-4DE1-BFB8-8A760C67BAFD}.Staging|Any CPU.Build.0 = Staging|Any CPU
		{A4E9B4C2-F5AF-4DE1-BFB8-8A760C67BAFD}.Staging|iPhone.ActiveCfg = Debug|Any CPU
		{A4E9B4C2-F5AF-4DE1-BFB8-8A760C67BAFD}.Staging|iPhoneSimulator.ActiveCfg = Staging|Any CPU
		{A4E9B4C2-F5AF-4DE1-BFB8-8A760C67BAFD}.Staging|iPhoneSimulator.Build.0 = Staging|Any CPU
		{A4E9B4C2-F5AF-4DE1-BFB8-8A760C67BAFD}.Staging|iPhoneSimulator.Deploy.0 = Staging|Any CPU
		{E38DDD9B-98F9-4325-866D-908FA18EA416}.AppStore|Any CPU.ActiveCfg = Debug|iPhoneSimulator
		{E38DDD9B-98F9-4325-866D-908FA18EA416}.AppStore|iPhone.ActiveCfg = AppStore|iPhone
		{E38DDD9B-98F9-4325-866D-908FA18EA416}.AppStore|iPhone.Build.0 = AppStore|iPhone
		{E38DDD9B-98F9-4325-866D-908FA18EA416}.AppStore|iPhoneSimulator.ActiveCfg = AppStore|iPhoneSimulator
		{E38DDD9B-98F9-4325-866D-908FA18EA416}.AppStore|iPhoneSimulator.Build.0 = AppStore|iPhoneSimulator
		{E38DDD9B-98F9-4325-866D-908FA18EA416}.Debug|Any CPU.ActiveCfg = Debug|iPhoneSimulator
		{E38DDD9B-98F9-4325-866D-908FA18EA416}.Debug|iPhone.ActiveCfg = Debug|iPhone
		{E38DDD9B-98F9-4325-866D-908FA18EA416}.Debug|iPhone.Build.0 = Debug|iPhone
		{E38DDD9B-98F9-4325-866D-908FA18EA416}.Debug|iPhoneSimulator.ActiveCfg = Debug|iPhoneSimulator
		{E38DDD9B-98F9-4325-866D-908FA18EA416}.Debug|iPhoneSimulator.Build.0 = Debug|iPhoneSimulator
		{E38DDD9B-98F9-4325-866D-908FA18EA416}.Debug-Device|Any CPU.ActiveCfg = Debug|iPhoneSimulator
		{E38DDD9B-98F9-4325-866D-908FA18EA416}.Debug-Device|iPhone.ActiveCfg = Debug|iPhone
		{E38DDD9B-98F9-4325-866D-908FA18EA416}.Debug-Device|iPhone.Build.0 = Debug|iPhone
		{E38DDD9B-98F9-4325-866D-908FA18EA416}.Debug-Device|iPhoneSimulator.ActiveCfg = Debug|iPhoneSimulator
		{E38DDD9B-98F9-4325-866D-908FA18EA416}.Debug-Device|iPhoneSimulator.Build.0 = Debug|iPhoneSimulator
		{E38DDD9B-98F9-4325-866D-908FA18EA416}.PlayStore|Any CPU.ActiveCfg = Prod-AdHoc|Any CPU
		{E38DDD9B-98F9-4325-866D-908FA18EA416}.PlayStore|Any CPU.Build.0 = Prod-AdHoc|Any CPU
		{E38DDD9B-98F9-4325-866D-908FA18EA416}.PlayStore|iPhone.ActiveCfg = Prod-Debug|iPhone
		{E38DDD9B-98F9-4325-866D-908FA18EA416}.PlayStore|iPhone.Build.0 = Prod-Debug|iPhone
		{E38DDD9B-98F9-4325-866D-908FA18EA416}.PlayStore|iPhoneSimulator.ActiveCfg = Prod-Debug|iPhoneSimulator
		{E38DDD9B-98F9-4325-866D-908FA18EA416}.PlayStore|iPhoneSimulator.Build.0 = Prod-Debug|iPhoneSimulator
		{E38DDD9B-98F9-4325-866D-908FA18EA416}.Prod-AdHoc|Any CPU.ActiveCfg = Prod-AdHoc|iPhoneSimulator
		{E38DDD9B-98F9-4325-866D-908FA18EA416}.Prod-AdHoc|iPhone.ActiveCfg = Prod-AdHoc|iPhone
		{E38DDD9B-98F9-4325-866D-908FA18EA416}.Prod-AdHoc|iPhone.Build.0 = Prod-AdHoc|iPhone
		{E38DDD9B-98F9-4325-866D-908FA18EA416}.Prod-AdHoc|iPhoneSimulator.ActiveCfg = Prod-AdHoc|iPhoneSimulator
		{E38DDD9B-98F9-4325-866D-908FA18EA416}.Prod-AdHoc|iPhoneSimulator.Build.0 = Prod-AdHoc|iPhoneSimulator
		{E38DDD9B-98F9-4325-866D-908FA18EA416}.Prod-Debug|Any CPU.ActiveCfg = Prod-Debug|Any CPU
		{E38DDD9B-98F9-4325-866D-908FA18EA416}.Prod-Debug|Any CPU.Build.0 = Prod-Debug|Any CPU
		{E38DDD9B-98F9-4325-866D-908FA18EA416}.Prod-Debug|iPhone.ActiveCfg = Prod-Debug|iPhone
		{E38DDD9B-98F9-4325-866D-908FA18EA416}.Prod-Debug|iPhone.Build.0 = Prod-Debug|iPhone
		{E38DDD9B-98F9-4325-866D-908FA18EA416}.Prod-Debug|iPhoneSimulator.ActiveCfg = Prod-Debug|iPhoneSimulator
		{E38DDD9B-98F9-4325-866D-908FA18EA416}.Prod-Debug|iPhoneSimulator.Build.0 = Prod-Debug|iPhoneSimulator
		{E38DDD9B-98F9-4325-866D-908FA18EA416}.Release|Any CPU.ActiveCfg = Release|Any CPU
		{E38DDD9B-98F9-4325-866D-908FA18EA416}.Release|Any CPU.Build.0 = Release|Any CPU
		{E38DDD9B-98F9-4325-866D-908FA18EA416}.Release|iPhone.ActiveCfg = Release|iPhone
		{E38DDD9B-98F9-4325-866D-908FA18EA416}.Release|iPhone.Build.0 = Release|iPhone
		{E38DDD9B-98F9-4325-866D-908FA18EA416}.Release|iPhoneSimulator.ActiveCfg = Release|iPhoneSimulator
		{E38DDD9B-98F9-4325-866D-908FA18EA416}.Release|iPhoneSimulator.Build.0 = Release|iPhoneSimulator
		{E38DDD9B-98F9-4325-866D-908FA18EA416}.Staging|Any CPU.ActiveCfg = Prod-AdHoc|iPhoneSimulator
		{E38DDD9B-98F9-4325-866D-908FA18EA416}.Staging|iPhone.ActiveCfg = Staging|iPhone
		{E38DDD9B-98F9-4325-866D-908FA18EA416}.Staging|iPhone.Build.0 = Staging|iPhone
		{E38DDD9B-98F9-4325-866D-908FA18EA416}.Staging|iPhoneSimulator.ActiveCfg = Staging|iPhoneSimulator
		{E38DDD9B-98F9-4325-866D-908FA18EA416}.Staging|iPhoneSimulator.Build.0 = Staging|iPhoneSimulator
	EndGlobalSection
	GlobalSection(SolutionProperties) = preSolution
		HideSolutionNode = FALSE
	EndGlobalSection
	GlobalSection(ExtensibilityGlobals) = postSolution
		SolutionGuid = {6BE03BA2-77D9-4755-A7B7-07EE483C77F9}
	EndGlobalSection
	GlobalSection(MonoDevelopProperties) = preSolution
		Policies = $0
		$0.DotNetNamingPolicy = $1
		$1.DirectoryNamespaceAssociation = PrefixedFlat
	EndGlobalSection
EndGlobal
